
Microsoft Visual Studio Solution File, Format Version 12.00
# Visual Studio Version 17
VisualStudioVersion = 17.5.002.0
MinimumVisualStudioVersion = 10.0.40219.1
Project("{9A19103F-16F7-4668-BE54-9A1E7A4F7556}") = "ASP .NET_Core_250924", "ASP .NET_Core_250924.csproj", "{A577D5AE-9AD5-4EAC-8301-D1BC97A9A22F}"
EndProject
Global
	GlobalSection(SolutionConfigurationPlatforms) = preSolution
		Debug|Any CPU = Debug|Any CPU
		Release|Any CPU = Release|Any CPU
	EndGlobalSection
	GlobalSection(ProjectConfigurationPlatforms) = postSolution
		{A577D5AE-9AD5-4EAC-8301-D1BC97A9A22F}.Debug|Any CPU.ActiveCfg = Debug|Any CPU
		{A577D5AE-9AD5-4EAC-8301-D1BC97A9A22F}.Debug|Any CPU.Build.0 = Debug|Any CPU
		{A577D5AE-9AD5-4EAC-8301-D1BC97A9A22F}.Release|Any CPU.ActiveCfg = Release|Any CPU
		{A577D5AE-9AD5-4EAC-8301-D1BC97A9A22F}.Release|Any CPU.Build.0 = Release|Any CPU
	EndGlobalSection
	GlobalSection(SolutionProperties) = preSolution
		HideSolutionNode = FALSE
	EndGlobalSection
	GlobalSection(ExtensibilityGlobals) = postSolution
		SolutionGuid = {D66FB362-81D5-4E1B-9AB3-A4F9F7ECCE1A}
	EndGlobalSection
EndGlobal
